
Microsoft Visual Studio Solution File, Format Version 12.00
# Visual Studio Version 16
VisualStudioVersion = 16.0.31624.102
MinimumVisualStudioVersion = 10.0.40219.1
Project("{FAE04EC0-301F-11D3-BF4B-00C04F79EFBC}") = "CiphersWindowsApp", "CiphersWindowsApp\CiphersWindowsApp.csproj", "{F5879FBA-69C0-497C-8FFD-8194AECD31F9}"
EndProject
Project("{FAE04EC0-301F-11D3-BF4B-00C04F79EFBC}") = "CiphersInterface", "CiphersInterface\CiphersInterface.csproj", "{6B799DCA-8634-43B7-BF93-0D00E918C921}"
EndProject
Global
	GlobalSection(SolutionConfigurationPlatforms) = preSolution
		Debug|Any CPU = Debug|Any CPU
		Release|Any CPU = Release|Any CPU
	EndGlobalSection
	GlobalSection(ProjectConfigurationPlatforms) = postSolution
		{F5879FBA-69C0-497C-8FFD-8194AECD31F9}.Debug|Any CPU.ActiveCfg = Debug|Any CPU
		{F5879FBA-69C0-497C-8FFD-8194AECD31F9}.Debug|Any CPU.Build.0 = Debug|Any CPU
		{F5879FBA-69C0-497C-8FFD-8194AECD31F9}.Release|Any CPU.ActiveCfg = Release|Any CPU
		{F5879FBA-69C0-497C-8FFD-8194AECD31F9}.Release|Any CPU.Build.0 = Release|Any CPU
		{6B799DCA-8634-43B7-BF93-0D00E918C921}.Debug|Any CPU.ActiveCfg = Debug|Any CPU
		{6B799DCA-8634-43B7-BF93-0D00E918C921}.Debug|Any CPU.Build.0 = Debug|Any CPU
		{6B799DCA-8634-43B7-BF93-0D00E918C921}.Release|Any CPU.ActiveCfg = Release|Any CPU
		{6B799DCA-8634-43B7-BF93-0D00E918C921}.Release|Any CPU.Build.0 = Release|Any CPU
	EndGlobalSection
	GlobalSection(SolutionProperties) = preSolution
		HideSolutionNode = FALSE
	EndGlobalSection
	GlobalSection(ExtensibilityGlobals) = postSolution
		SolutionGuid = {3E2F333B-22F9-455A-AD52-71CFE2F0DEC8}
	EndGlobalSection
EndGlobal
